# cinder-rootwrap command filters for volume nodes
# This file should be owned by (and only-writeable by) the root user

[Filters]
# cinder/volume/iscsi.py: iscsi_helper '--op' ...
ietadm: CommandFilter, /usr/sbin/ietadm, root
tgtadm: CommandFilter, /usr/sbin/tgtadm, root
tgt-admin: CommandFilter, /usr/sbin/tgt-admin, root

# cinder/volume/driver.py: 'vgs', '--noheadings', '-o', 'name'
vgs: CommandFilter, /sbin/vgs, root

# cinder/volume/driver.py: 'lvcreate', '-L', sizestr, '-n', volume_name,..
# cinder/volume/driver.py: 'lvcreate', '-L', ...
lvcreate: CommandFilter, /sbin/lvcreate, root

# cinder/volume/driver.py: 'dd', 'if=%s' % srcstr, 'of=%s' % deststr,...
dd: CommandFilter, /bin/dd, root

# cinder/volume/driver.py: 'lvremove', '-f', %s/%s % ...
lvremove: CommandFilter, /sbin/lvremove, root

# cinder/volume/driver.py: 'lvdisplay', '--noheading', '-C', '-o', 'Attr',..
lvdisplay: CommandFilter, /sbin/lvdisplay, root

# cinder/volume/driver.py: 'iscsiadm', '-m', 'discovery', '-t',...
# cinder/volume/driver.py: 'iscsiadm', '-m', 'node', '-T', ...
iscsiadm: CommandFilter, /sbin/iscsiadm, root
iscsiadm_usr: CommandFilter, /usr/bin/iscsiadm, root

#cinder/volume/.py: utils.temporary_chown(path, 0), ...
chown: CommandFilter, /bin/chown, root

# cinder/volume/driver.py
dmsetup: CommandFilter, /sbin/dmsetup, root
dmsetup_usr: CommandFilter, /usr/sbin/dmsetup, root
ln: CommandFilter, /bin/ln, root

# cinder/volume/nfs.py
stat: CommandFilter, /usr/bin/stat, root
mount: CommandFilter, /bin/mount, root
df: CommandFilter, /bin/df, root
truncate: CommandFilter, /usr/bin/truncate, root
chmod: CommandFilter, /bin/chmod, root
rm: CommandFilter, /bin/rm, root
